
Microsoft Visual Studio Solution File, Format Version 12.00
# Visual Studio Version 16
VisualStudioVersion = 16.0.29001.49
MinimumVisualStudioVersion = 10.0.40219.1
Project("{8BC9CEB8-8B4A-11D0-8D11-00A0C91BC942}") = "quickDAQ", "quickDAQ.vcxproj", "{52B985B9-32DF-44C1-99AB-6248F2EF7396}"
EndProject
Global
	GlobalSection(SolutionConfigurationPlatforms) = preSolution
		Debug|x64 = Debug|x64
		Debug|x86 = Debug|x86
		Release|x64 = Release|x64
		Release|x86 = Release|x86
	EndGlobalSection
	GlobalSection(ProjectConfigurationPlatforms) = postSolution
		{52B985B9-32DF-44C1-99AB-6248F2EF7396}.Debug|x64.ActiveCfg = Debug|x64
		{52B985B9-32DF-44C1-99AB-6248F2EF7396}.Debug|x64.Build.0 = Debug|x64
		{52B985B9-32DF-44C1-99AB-6248F2EF7396}.Debug|x86.ActiveCfg = Debug|Win32
		{52B985B9-32DF-44C1-99AB-6248F2EF7396}.Debug|x86.Build.0 = Debug|Win32
		{52B985B9-32DF-44C1-99AB-6248F2EF7396}.Release|x64.ActiveCfg = Release|x64
		{52B985B9-32DF-44C1-99AB-6248F2EF7396}.Release|x64.Build.0 = Release|x64
		{52B985B9-32DF-44C1-99AB-6248F2EF7396}.Release|x86.ActiveCfg = Release|Win32
		{52B985B9-32DF-44C1-99AB-6248F2EF7396}.Release|x86.Build.0 = Release|Win32
	EndGlobalSection
	GlobalSection(SolutionProperties) = preSolution
		HideSolutionNode = FALSE
	EndGlobalSection
	GlobalSection(ExtensibilityGlobals) = postSolution
		SolutionGuid = {9128EFEA-0AFD-400A-99D4-9F856FB93E77}
	EndGlobalSection
EndGlobal
